
Microsoft Visual Studio Solution File, Format Version 12.00
# Visual Studio Version 17
VisualStudioVersion = 17.11.35303.130
MinimumVisualStudioVersion = 10.0.40219.1
Project("{FAE04EC0-301F-11D3-BF4B-00C04F79EFBC}") = "GOW-API", "GOW-API\GOW-API.csproj", "{2812B1E9-6DE9-4D2D-8821-1219F8CB6746}"
EndProject
Global
	GlobalSection(SolutionConfigurationPlatforms) = preSolution
		Debug|Any CPU = Debug|Any CPU
		Release|Any CPU = Release|Any CPU
	EndGlobalSection
	GlobalSection(ProjectConfigurationPlatforms) = postSolution
		{2812B1E9-6DE9-4D2D-8821-1219F8CB6746}.Debug|Any CPU.ActiveCfg = Debug|Any CPU
		{2812B1E9-6DE9-4D2D-8821-1219F8CB6746}.Debug|Any CPU.Build.0 = Debug|Any CPU
		{2812B1E9-6DE9-4D2D-8821-1219F8CB6746}.Release|Any CPU.ActiveCfg = Release|Any CPU
		{2812B1E9-6DE9-4D2D-8821-1219F8CB6746}.Release|Any CPU.Build.0 = Release|Any CPU
	EndGlobalSection
	GlobalSection(SolutionProperties) = preSolution
		HideSolutionNode = FALSE
	EndGlobalSection
	GlobalSection(ExtensibilityGlobals) = postSolution
		SolutionGuid = {7ABF3850-736F-441D-9A55-493CE4DD754C}
	EndGlobalSection
EndGlobal
